
Microsoft Visual Studio Solution File, Format Version 12.00
# Visual Studio Version 17
VisualStudioVersion = 17.0.31903.59
MinimumVisualStudioVersion = 10.0.40219.1
Project("{2150E333-8FDC-42A3-9474-1A3956D46DE8}") = "src", "src", "{6C51825F-70BD-4B7A-8AFB-228CD0B925BB}"
EndProject
Project("{2150E333-8FDC-42A3-9474-1A3956D46DE8}") = "1. Presentation", "1. Presentation", "{1DF32C26-893A-4FAE-9B2C-949ACF29B42B}"
EndProject
Project("{2150E333-8FDC-42A3-9474-1A3956D46DE8}") = "2. Service", "2. Service", "{0E876A9E-747A-4CD2-BAC5-AF829EAFBC44}"
EndProject
Project("{2150E333-8FDC-42A3-9474-1A3956D46DE8}") = "3. Application", "3. Application", "{D5ADC607-0F14-4A5C-B8F8-135E817ABFF3}"
EndProject
Project("{2150E333-8FDC-42A3-9474-1A3956D46DE8}") = "4. Domain", "4. Domain", "{762C9EF0-4A05-49D8-BAB4-EC924D2274AC}"
EndProject
Project("{2150E333-8FDC-42A3-9474-1A3956D46DE8}") = "5. Infrastructure", "5. Infrastructure", "{C0E40DC6-7AC8-44F0-9C16-03695E97E2B7}"
EndProject
Project("{2150E333-8FDC-42A3-9474-1A3956D46DE8}") = "Data", "Data", "{DCFA93DF-5067-479F-AB1C-A7A9BF433D74}"
EndProject
Project("{2150E333-8FDC-42A3-9474-1A3956D46DE8}") = "Shared", "Shared", "{FD2C9F10-FFF2-4622-9423-FF9D93AD3083}"
EndProject
Project("{2150E333-8FDC-42A3-9474-1A3956D46DE8}") = "Integration", "Integration", "{EB82B309-6B06-47C1-BABE-12CE665938D6}"
EndProject
Project("{2150E333-8FDC-42A3-9474-1A3956D46DE8}") = "API", "API", "{9E7F3600-7F74-436A-B893-10433DC57FCF}"
EndProject
Project("{2150E333-8FDC-42A3-9474-1A3956D46DE8}") = "Background", "Background", "{40D6D52D-69EE-42A4-9323-C68BF99B79D2}"
EndProject
Project("{9A19103F-16F7-4668-BE54-9A1E7A4F7556}") = "ModeloSimples.Domain", "src\Domain\ModeloSimples.Domain\ModeloSimples.Domain.csproj", "{0C72BE8B-A24D-47B7-BF09-5B29EAE955FC}"
EndProject
Project("{9A19103F-16F7-4668-BE54-9A1E7A4F7556}") = "ModeloSimples.Infrastructure.DataAccess", "src\Infrastructure\Data\ModeloSimples.Infrastructure.DataAccess\ModeloSimples.Infrastructure.DataAccess.csproj", "{36DBD0A8-8502-4197-ACE2-967E609C4A46}"
EndProject
Project("{9A19103F-16F7-4668-BE54-9A1E7A4F7556}") = "ModeloSimples.Application", "src\Application\ModeloSimples.Application\ModeloSimples.Application.csproj", "{13D3CC5B-4423-4B0C-8DED-9967DF7574BC}"
EndProject
Project("{9A19103F-16F7-4668-BE54-9A1E7A4F7556}") = "ModeloSimples.Service.API.Principal", "src\Service\API\ModeloSimples.Service.API.Principal\ModeloSimples.Service.API.Principal.csproj", "{695A4B47-ECB7-4C0D-A0C7-D263B5556152}"
EndProject
Project("{9A19103F-16F7-4668-BE54-9A1E7A4F7556}") = "ModeloSimples.Infrastructure.Shared", "src\Infrastructure\Shared\ModeloSimples.Infrastructure.Shared\ModeloSimples.Infrastructure.Shared.csproj", "{297988C0-E755-4F6B-906E-D82118DA3E1C}"
EndProject
Project("{9A19103F-16F7-4668-BE54-9A1E7A4F7556}") = "ModeloSimples.Infrastructure.Integration.ServiceOut", "src\Infrastructure\Integration\ModeloSimples.Infrastructure.Integration.ServiceOut\ModeloSimples.Infrastructure.Integration.ServiceOut.csproj", "{372E0183-0C06-45BC-9A33-157EF421EB11}"
EndProject
Project("{9A19103F-16F7-4668-BE54-9A1E7A4F7556}") = "ModeloSimples.Service.API.Teste.Integrado", "src\Service\API\ModeloSimples.Service.API.Teste.Integrado\ModeloSimples.Service.API.Teste.Integrado.csproj", "{89533E14-6952-42E5-9602-ED52B5E2B74D}"
EndProject
Project("{FAE04EC0-301F-11D3-BF4B-00C04F79EFBC}") = "ModeloSimples.Service.API.Auxiliar", "src\Service\API\ModeloSimples.Service.API.Auxiliar\ModeloSimples.Service.API.Auxiliar.csproj", "{3BAEF3C2-4FBE-4ADE-8D18-3DD71D0C1B31}"
EndProject
Global
	GlobalSection(SolutionConfigurationPlatforms) = preSolution
		Debug|Any CPU = Debug|Any CPU
		Release|Any CPU = Release|Any CPU
	EndGlobalSection
	GlobalSection(ProjectConfigurationPlatforms) = postSolution
		{0C72BE8B-A24D-47B7-BF09-5B29EAE955FC}.Debug|Any CPU.ActiveCfg = Debug|Any CPU
		{0C72BE8B-A24D-47B7-BF09-5B29EAE955FC}.Debug|Any CPU.Build.0 = Debug|Any CPU
		{0C72BE8B-A24D-47B7-BF09-5B29EAE955FC}.Release|Any CPU.ActiveCfg = Release|Any CPU
		{0C72BE8B-A24D-47B7-BF09-5B29EAE955FC}.Release|Any CPU.Build.0 = Release|Any CPU
		{36DBD0A8-8502-4197-ACE2-967E609C4A46}.Debug|Any CPU.ActiveCfg = Debug|Any CPU
		{36DBD0A8-8502-4197-ACE2-967E609C4A46}.Debug|Any CPU.Build.0 = Debug|Any CPU
		{36DBD0A8-8502-4197-ACE2-967E609C4A46}.Release|Any CPU.ActiveCfg = Release|Any CPU
		{36DBD0A8-8502-4197-ACE2-967E609C4A46}.Release|Any CPU.Build.0 = Release|Any CPU
		{13D3CC5B-4423-4B0C-8DED-9967DF7574BC}.Debug|Any CPU.ActiveCfg = Debug|Any CPU
		{13D3CC5B-4423-4B0C-8DED-9967DF7574BC}.Debug|Any CPU.Build.0 = Debug|Any CPU
		{13D3CC5B-4423-4B0C-8DED-9967DF7574BC}.Release|Any CPU.ActiveCfg = Release|Any CPU
		{13D3CC5B-4423-4B0C-8DED-9967DF7574BC}.Release|Any CPU.Build.0 = Release|Any CPU
		{695A4B47-ECB7-4C0D-A0C7-D263B5556152}.Debug|Any CPU.ActiveCfg = Debug|Any CPU
		{695A4B47-ECB7-4C0D-A0C7-D263B5556152}.Debug|Any CPU.Build.0 = Debug|Any CPU
		{695A4B47-ECB7-4C0D-A0C7-D263B5556152}.Release|Any CPU.ActiveCfg = Release|Any CPU
		{695A4B47-ECB7-4C0D-A0C7-D263B5556152}.Release|Any CPU.Build.0 = Release|Any CPU
		{297988C0-E755-4F6B-906E-D82118DA3E1C}.Debug|Any CPU.ActiveCfg = Debug|Any CPU
		{297988C0-E755-4F6B-906E-D82118DA3E1C}.Debug|Any CPU.Build.0 = Debug|Any CPU
		{297988C0-E755-4F6B-906E-D82118DA3E1C}.Release|Any CPU.ActiveCfg = Release|Any CPU
		{297988C0-E755-4F6B-906E-D82118DA3E1C}.Release|Any CPU.Build.0 = Release|Any CPU
		{372E0183-0C06-45BC-9A33-157EF421EB11}.Debug|Any CPU.ActiveCfg = Debug|Any CPU
		{372E0183-0C06-45BC-9A33-157EF421EB11}.Debug|Any CPU.Build.0 = Debug|Any CPU
		{372E0183-0C06-45BC-9A33-157EF421EB11}.Release|Any CPU.ActiveCfg = Release|Any CPU
		{372E0183-0C06-45BC-9A33-157EF421EB11}.Release|Any CPU.Build.0 = Release|Any CPU
		{89533E14-6952-42E5-9602-ED52B5E2B74D}.Debug|Any CPU.ActiveCfg = Debug|Any CPU
		{89533E14-6952-42E5-9602-ED52B5E2B74D}.Debug|Any CPU.Build.0 = Debug|Any CPU
		{89533E14-6952-42E5-9602-ED52B5E2B74D}.Release|Any CPU.ActiveCfg = Release|Any CPU
		{89533E14-6952-42E5-9602-ED52B5E2B74D}.Release|Any CPU.Build.0 = Release|Any CPU
		{3BAEF3C2-4FBE-4ADE-8D18-3DD71D0C1B31}.Debug|Any CPU.ActiveCfg = Debug|Any CPU
		{3BAEF3C2-4FBE-4ADE-8D18-3DD71D0C1B31}.Debug|Any CPU.Build.0 = Debug|Any CPU
		{3BAEF3C2-4FBE-4ADE-8D18-3DD71D0C1B31}.Release|Any CPU.ActiveCfg = Release|Any CPU
		{3BAEF3C2-4FBE-4ADE-8D18-3DD71D0C1B31}.Release|Any CPU.Build.0 = Release|Any CPU
	EndGlobalSection
	GlobalSection(SolutionProperties) = preSolution
		HideSolutionNode = FALSE
	EndGlobalSection
	GlobalSection(NestedProjects) = preSolution
		{1DF32C26-893A-4FAE-9B2C-949ACF29B42B} = {6C51825F-70BD-4B7A-8AFB-228CD0B925BB}
		{0E876A9E-747A-4CD2-BAC5-AF829EAFBC44} = {6C51825F-70BD-4B7A-8AFB-228CD0B925BB}
		{D5ADC607-0F14-4A5C-B8F8-135E817ABFF3} = {6C51825F-70BD-4B7A-8AFB-228CD0B925BB}
		{762C9EF0-4A05-49D8-BAB4-EC924D2274AC} = {6C51825F-70BD-4B7A-8AFB-228CD0B925BB}
		{C0E40DC6-7AC8-44F0-9C16-03695E97E2B7} = {6C51825F-70BD-4B7A-8AFB-228CD0B925BB}
		{DCFA93DF-5067-479F-AB1C-A7A9BF433D74} = {C0E40DC6-7AC8-44F0-9C16-03695E97E2B7}
		{FD2C9F10-FFF2-4622-9423-FF9D93AD3083} = {C0E40DC6-7AC8-44F0-9C16-03695E97E2B7}
		{EB82B309-6B06-47C1-BABE-12CE665938D6} = {C0E40DC6-7AC8-44F0-9C16-03695E97E2B7}
		{9E7F3600-7F74-436A-B893-10433DC57FCF} = {0E876A9E-747A-4CD2-BAC5-AF829EAFBC44}
		{40D6D52D-69EE-42A4-9323-C68BF99B79D2} = {0E876A9E-747A-4CD2-BAC5-AF829EAFBC44}
		{0C72BE8B-A24D-47B7-BF09-5B29EAE955FC} = {762C9EF0-4A05-49D8-BAB4-EC924D2274AC}
		{36DBD0A8-8502-4197-ACE2-967E609C4A46} = {DCFA93DF-5067-479F-AB1C-A7A9BF433D74}
		{13D3CC5B-4423-4B0C-8DED-9967DF7574BC} = {D5ADC607-0F14-4A5C-B8F8-135E817ABFF3}
		{695A4B47-ECB7-4C0D-A0C7-D263B5556152} = {9E7F3600-7F74-436A-B893-10433DC57FCF}
		{297988C0-E755-4F6B-906E-D82118DA3E1C} = {FD2C9F10-FFF2-4622-9423-FF9D93AD3083}
		{372E0183-0C06-45BC-9A33-157EF421EB11} = {EB82B309-6B06-47C1-BABE-12CE665938D6}
		{89533E14-6952-42E5-9602-ED52B5E2B74D} = {9E7F3600-7F74-436A-B893-10433DC57FCF}
		{3BAEF3C2-4FBE-4ADE-8D18-3DD71D0C1B31} = {9E7F3600-7F74-436A-B893-10433DC57FCF}
	EndGlobalSection
	GlobalSection(ExtensibilityGlobals) = postSolution
		SolutionGuid = {B270804E-B53E-4FD5-A01D-9FE95358F038}
	EndGlobalSection
EndGlobal
